
Microsoft Visual Studio Solution File, Format Version 12.00
# Visual Studio Version 16
VisualStudioVersion = 16.0.30517.126
MinimumVisualStudioVersion = 10.0.40219.1
Project("{8BC9CEB8-8B4A-11D0-8D11-00A0C91BC942}") = "Структуры №1", "Структуры №1.vcxproj", "{CC8EAEA6-8636-4E49-BE36-B127132C52BA}"
EndProject
Global
	GlobalSection(SolutionConfigurationPlatforms) = preSolution
		Debug|x64 = Debug|x64
		Debug|x86 = Debug|x86
		Release|x64 = Release|x64
		Release|x86 = Release|x86
	EndGlobalSection
	GlobalSection(ProjectConfigurationPlatforms) = postSolution
		{CC8EAEA6-8636-4E49-BE36-B127132C52BA}.Debug|x64.ActiveCfg = Debug|x64
		{CC8EAEA6-8636-4E49-BE36-B127132C52BA}.Debug|x64.Build.0 = Debug|x64
		{CC8EAEA6-8636-4E49-BE36-B127132C52BA}.Debug|x86.ActiveCfg = Debug|Win32
		{CC8EAEA6-8636-4E49-BE36-B127132C52BA}.Debug|x86.Build.0 = Debug|Win32
		{CC8EAEA6-8636-4E49-BE36-B127132C52BA}.Release|x64.ActiveCfg = Release|x64
		{CC8EAEA6-8636-4E49-BE36-B127132C52BA}.Release|x64.Build.0 = Release|x64
		{CC8EAEA6-8636-4E49-BE36-B127132C52BA}.Release|x86.ActiveCfg = Release|Win32
		{CC8EAEA6-8636-4E49-BE36-B127132C52BA}.Release|x86.Build.0 = Release|Win32
	EndGlobalSection
	GlobalSection(SolutionProperties) = preSolution
		HideSolutionNode = FALSE
	EndGlobalSection
	GlobalSection(ExtensibilityGlobals) = postSolution
		SolutionGuid = {B74C1C1E-CC6E-41F8-90F0-130250FAAE28}
	EndGlobalSection
EndGlobal
